
Microsoft Visual Studio Solution File, Format Version 12.00
# Visual Studio 14
VisualStudioVersion = 14.0.25420.1
MinimumVisualStudioVersion = 10.0.40219.1
Project("{2150E333-8FDC-42A3-9474-1A3956D46DE8}") = "Items", "Items", "{AB82C54B-9D7F-4FD6-B3F3-05589F11E4C2}"
	ProjectSection(SolutionItems) = preProject
		build.bat = build.bat
		build.proj = build.proj
		PublicKey.snk = PublicKey.snk
		UAParser\UAParser.nuspec = UAParser\UAParser.nuspec
	EndProjectSection
EndProject
Project("{2150E333-8FDC-42A3-9474-1A3956D46DE8}") = ".nuget", ".nuget", "{5C3BCDB7-71FF-46A2-8096-ECB821509915}"
	ProjectSection(SolutionItems) = preProject
		.nuget\NuGet.Config = .nuget\NuGet.Config
		.nuget\NuGet.exe = .nuget\NuGet.exe
		.nuget\NuGet.targets = .nuget\NuGet.targets
	EndProjectSection
EndProject
Project("{8BB2217D-0F2D-49D1-97BC-3654ED321F3B}") = "UAParser", "UAParser\UAParser.xproj", "{88C6D91E-E28F-41FF-8B5E-3E1EAE076D08}"
EndProject
Project("{8BB2217D-0F2D-49D1-97BC-3654ED321F3B}") = "UAParser.ConsoleApp", "UAParser.ConsoleApp\UAParser.ConsoleApp.xproj", "{5A484BB6-4965-43CE-94EC-6AEC050DF3B8}"
EndProject
Project("{8BB2217D-0F2D-49D1-97BC-3654ED321F3B}") = "UAParser.Tests", "UAParser.Tests\UAParser.Tests.xproj", "{7D844531-DFD5-4327-A911-82607D601B77}"
EndProject
Global
	GlobalSection(SolutionConfigurationPlatforms) = preSolution
		Debug|Any CPU = Debug|Any CPU
		Release|Any CPU = Release|Any CPU
	EndGlobalSection
	GlobalSection(ProjectConfigurationPlatforms) = postSolution
		{88C6D91E-E28F-41FF-8B5E-3E1EAE076D08}.Debug|Any CPU.ActiveCfg = Debug|Any CPU
		{88C6D91E-E28F-41FF-8B5E-3E1EAE076D08}.Debug|Any CPU.Build.0 = Debug|Any CPU
		{88C6D91E-E28F-41FF-8B5E-3E1EAE076D08}.Release|Any CPU.ActiveCfg = Release|Any CPU
		{88C6D91E-E28F-41FF-8B5E-3E1EAE076D08}.Release|Any CPU.Build.0 = Release|Any CPU
		{5A484BB6-4965-43CE-94EC-6AEC050DF3B8}.Debug|Any CPU.ActiveCfg = Debug|Any CPU
		{5A484BB6-4965-43CE-94EC-6AEC050DF3B8}.Debug|Any CPU.Build.0 = Debug|Any CPU
		{5A484BB6-4965-43CE-94EC-6AEC050DF3B8}.Release|Any CPU.ActiveCfg = Release|Any CPU
		{5A484BB6-4965-43CE-94EC-6AEC050DF3B8}.Release|Any CPU.Build.0 = Release|Any CPU
		{7D844531-DFD5-4327-A911-82607D601B77}.Debug|Any CPU.ActiveCfg = Debug|Any CPU
		{7D844531-DFD5-4327-A911-82607D601B77}.Debug|Any CPU.Build.0 = Debug|Any CPU
		{7D844531-DFD5-4327-A911-82607D601B77}.Release|Any CPU.ActiveCfg = Release|Any CPU
		{7D844531-DFD5-4327-A911-82607D601B77}.Release|Any CPU.Build.0 = Release|Any CPU
	EndGlobalSection
	GlobalSection(SolutionProperties) = preSolution
		HideSolutionNode = FALSE
	EndGlobalSection
EndGlobal
